
Microsoft Visual Studio Solution File, Format Version 12.00
# Visual Studio Version 17
VisualStudioVersion = 17.3.32901.215
MinimumVisualStudioVersion = 10.0.40219.1
Project("{FAE04EC0-301F-11D3-BF4B-00C04F79EFBC}") = "Task2", "Task2\Task2.csproj", "{98DBABC5-6388-4EFC-8F0C-4DCFD056B030}"
EndProject
Global
	GlobalSection(SolutionConfigurationPlatforms) = preSolution
		Debug|Any CPU = Debug|Any CPU
		Release|Any CPU = Release|Any CPU
	EndGlobalSection
	GlobalSection(ProjectConfigurationPlatforms) = postSolution
		{98DBABC5-6388-4EFC-8F0C-4DCFD056B030}.Debug|Any CPU.ActiveCfg = Debug|Any CPU
		{98DBABC5-6388-4EFC-8F0C-4DCFD056B030}.Debug|Any CPU.Build.0 = Debug|Any CPU
		{98DBABC5-6388-4EFC-8F0C-4DCFD056B030}.Release|Any CPU.ActiveCfg = Release|Any CPU
		{98DBABC5-6388-4EFC-8F0C-4DCFD056B030}.Release|Any CPU.Build.0 = Release|Any CPU
	EndGlobalSection
	GlobalSection(SolutionProperties) = preSolution
		HideSolutionNode = FALSE
	EndGlobalSection
	GlobalSection(ExtensibilityGlobals) = postSolution
		SolutionGuid = {2E1AEF1C-3401-4360-BBFD-5D7C62EEBA8E}
	EndGlobalSection
EndGlobal
